
Microsoft Visual Studio Solution File, Format Version 12.00
# Visual Studio Version 17
VisualStudioVersion = 17.11.35312.102
MinimumVisualStudioVersion = 10.0.40219.1
Project("{FAE04EC0-301F-11D3-BF4B-00C04F79EFBC}") = "SacBackend", "SacBackend.csproj", "{ECC40609-F68E-4D2D-8FDB-24BF1719E188}"
EndProject
Global
	GlobalSection(SolutionConfigurationPlatforms) = preSolution
		Debug|Any CPU = Debug|Any CPU
		Release|Any CPU = Release|Any CPU
	EndGlobalSection
	GlobalSection(ProjectConfigurationPlatforms) = postSolution
		{ECC40609-F68E-4D2D-8FDB-24BF1719E188}.Debug|Any CPU.ActiveCfg = Debug|Any CPU
		{ECC40609-F68E-4D2D-8FDB-24BF1719E188}.Debug|Any CPU.Build.0 = Debug|Any CPU
		{ECC40609-F68E-4D2D-8FDB-24BF1719E188}.Release|Any CPU.ActiveCfg = Release|Any CPU
		{ECC40609-F68E-4D2D-8FDB-24BF1719E188}.Release|Any CPU.Build.0 = Release|Any CPU
	EndGlobalSection
	GlobalSection(SolutionProperties) = preSolution
		HideSolutionNode = FALSE
	EndGlobalSection
	GlobalSection(ExtensibilityGlobals) = postSolution
		SolutionGuid = {BAFC6BDE-92CB-4082-8886-0588FD1409A3}
	EndGlobalSection
EndGlobal
